
Microsoft Visual Studio Solution File, Format Version 12.00
# Visual Studio Version 17
VisualStudioVersion = 17.13.35919.96
MinimumVisualStudioVersion = 10.0.40219.1
Project("{FAE04EC0-301F-11D3-BF4B-00C04F79EFBC}") = "GestaoMiniLoja.Web", "src\GestaoMiniLoja.Web\GestaoMiniLoja.Web.csproj", "{58925284-90C9-4BF3-962D-073CA1CAC438}"
EndProject
Project("{FAE04EC0-301F-11D3-BF4B-00C04F79EFBC}") = "GestaoMiniLoja.Core", "src\GestaoMiniLoja.Core\GestaoMiniLoja.Core.csproj", "{7854F86E-8915-447C-B9BC-FBABEADA8755}"
EndProject
Project("{FAE04EC0-301F-11D3-BF4B-00C04F79EFBC}") = "GestaoMiniLoja.Api", "src\GestaoMiniLoja.Api\GestaoMiniLoja.Api.csproj", "{E162528B-ECA9-4092-BA17-1DCC20FC4623}"
EndProject
Global
	GlobalSection(SolutionConfigurationPlatforms) = preSolution
		Debug|Any CPU = Debug|Any CPU
		Release|Any CPU = Release|Any CPU
	EndGlobalSection
	GlobalSection(ProjectConfigurationPlatforms) = postSolution
		{58925284-90C9-4BF3-962D-073CA1CAC438}.Debug|Any CPU.ActiveCfg = Debug|Any CPU
		{58925284-90C9-4BF3-962D-073CA1CAC438}.Debug|Any CPU.Build.0 = Debug|Any CPU
		{58925284-90C9-4BF3-962D-073CA1CAC438}.Release|Any CPU.ActiveCfg = Release|Any CPU
		{58925284-90C9-4BF3-962D-073CA1CAC438}.Release|Any CPU.Build.0 = Release|Any CPU
		{7854F86E-8915-447C-B9BC-FBABEADA8755}.Debug|Any CPU.ActiveCfg = Debug|Any CPU
		{7854F86E-8915-447C-B9BC-FBABEADA8755}.Debug|Any CPU.Build.0 = Debug|Any CPU
		{7854F86E-8915-447C-B9BC-FBABEADA8755}.Release|Any CPU.ActiveCfg = Release|Any CPU
		{7854F86E-8915-447C-B9BC-FBABEADA8755}.Release|Any CPU.Build.0 = Release|Any CPU
		{E162528B-ECA9-4092-BA17-1DCC20FC4623}.Debug|Any CPU.ActiveCfg = Debug|Any CPU
		{E162528B-ECA9-4092-BA17-1DCC20FC4623}.Debug|Any CPU.Build.0 = Debug|Any CPU
		{E162528B-ECA9-4092-BA17-1DCC20FC4623}.Release|Any CPU.ActiveCfg = Release|Any CPU
		{E162528B-ECA9-4092-BA17-1DCC20FC4623}.Release|Any CPU.Build.0 = Release|Any CPU
	EndGlobalSection
	GlobalSection(SolutionProperties) = preSolution
		HideSolutionNode = FALSE
	EndGlobalSection
	GlobalSection(ExtensibilityGlobals) = postSolution
		SolutionGuid = {598A3E46-C28C-4A5D-936C-6D9A0C301685}
	EndGlobalSection
EndGlobal
